
Microsoft Visual Studio Solution File, Format Version 12.00
# Visual Studio Version 17
VisualStudioVersion = 17.9.34728.123
MinimumVisualStudioVersion = 10.0.40219.1
Project("{9A19103F-16F7-4668-BE54-9A1E7A4F7556}") = "SoftHSM-API-NET-8", "SoftHSM-API-NET-8.csproj", "{D5C49150-48E8-45C3-B064-079297A8EB27}"
EndProject
Global
	GlobalSection(SolutionConfigurationPlatforms) = preSolution
		Debug|Any CPU = Debug|Any CPU
		Release|Any CPU = Release|Any CPU
	EndGlobalSection
	GlobalSection(ProjectConfigurationPlatforms) = postSolution
		{D5C49150-48E8-45C3-B064-079297A8EB27}.Debug|Any CPU.ActiveCfg = Debug|Any CPU
		{D5C49150-48E8-45C3-B064-079297A8EB27}.Debug|Any CPU.Build.0 = Debug|Any CPU
		{D5C49150-48E8-45C3-B064-079297A8EB27}.Release|Any CPU.ActiveCfg = Release|Any CPU
		{D5C49150-48E8-45C3-B064-079297A8EB27}.Release|Any CPU.Build.0 = Release|Any CPU
		{BBCE2EF9-63DC-4DD4-B56F-3EB02A5B175C}.Debug|Any CPU.ActiveCfg = Debug|Any CPU
		{BBCE2EF9-63DC-4DD4-B56F-3EB02A5B175C}.Debug|Any CPU.Build.0 = Debug|Any CPU
		{BBCE2EF9-63DC-4DD4-B56F-3EB02A5B175C}.Release|Any CPU.ActiveCfg = Release|Any CPU
		{BBCE2EF9-63DC-4DD4-B56F-3EB02A5B175C}.Release|Any CPU.Build.0 = Release|Any CPU
	EndGlobalSection
	GlobalSection(SolutionProperties) = preSolution
		HideSolutionNode = FALSE
	EndGlobalSection
	GlobalSection(ExtensibilityGlobals) = postSolution
		SolutionGuid = {CE803E1A-96D7-43B2-B533-2A3373DB6B9B}
	EndGlobalSection
EndGlobal
